
Microsoft Visual Studio Solution File, Format Version 12.00
# Visual Studio Version 17
VisualStudioVersion = 17.10.35027.167
MinimumVisualStudioVersion = 10.0.40219.1
Project("{FAE04EC0-301F-11D3-BF4B-00C04F79EFBC}") = "DVLD-PresentationLayer", "DVLD-PresentationLayer.csproj", "{F07BA55C-5B1D-4F4E-9D97-3F9530CA7B3F}"
EndProject
Project("{FAE04EC0-301F-11D3-BF4B-00C04F79EFBC}") = "DVLD-BussinessLayer", "..\DVLD-BussinessLayer\DVLD-BussinessLayer.csproj", "{539BAFA6-6AB4-4793-8BF4-74F3FC982DA6}"
EndProject
Project("{FAE04EC0-301F-11D3-BF4B-00C04F79EFBC}") = "DVLD-DataAccessLayer", "..\DVLD-DataAccessLayer\DVLD-DataAccessLayer.csproj", "{E6F2061F-B06A-4C7B-BEED-2CE797BF006E}"
EndProject
Global
	GlobalSection(SolutionConfigurationPlatforms) = preSolution
		Debug|Any CPU = Debug|Any CPU
		Release|Any CPU = Release|Any CPU
	EndGlobalSection
	GlobalSection(ProjectConfigurationPlatforms) = postSolution
		{F07BA55C-5B1D-4F4E-9D97-3F9530CA7B3F}.Debug|Any CPU.ActiveCfg = Debug|Any CPU
		{F07BA55C-5B1D-4F4E-9D97-3F9530CA7B3F}.Debug|Any CPU.Build.0 = Debug|Any CPU
		{F07BA55C-5B1D-4F4E-9D97-3F9530CA7B3F}.Release|Any CPU.ActiveCfg = Release|Any CPU
		{F07BA55C-5B1D-4F4E-9D97-3F9530CA7B3F}.Release|Any CPU.Build.0 = Release|Any CPU
		{539BAFA6-6AB4-4793-8BF4-74F3FC982DA6}.Debug|Any CPU.ActiveCfg = Debug|Any CPU
		{539BAFA6-6AB4-4793-8BF4-74F3FC982DA6}.Debug|Any CPU.Build.0 = Debug|Any CPU
		{539BAFA6-6AB4-4793-8BF4-74F3FC982DA6}.Release|Any CPU.ActiveCfg = Release|Any CPU
		{539BAFA6-6AB4-4793-8BF4-74F3FC982DA6}.Release|Any CPU.Build.0 = Release|Any CPU
		{E6F2061F-B06A-4C7B-BEED-2CE797BF006E}.Debug|Any CPU.ActiveCfg = Debug|Any CPU
		{E6F2061F-B06A-4C7B-BEED-2CE797BF006E}.Debug|Any CPU.Build.0 = Debug|Any CPU
		{E6F2061F-B06A-4C7B-BEED-2CE797BF006E}.Release|Any CPU.ActiveCfg = Release|Any CPU
		{E6F2061F-B06A-4C7B-BEED-2CE797BF006E}.Release|Any CPU.Build.0 = Release|Any CPU
	EndGlobalSection
	GlobalSection(SolutionProperties) = preSolution
		HideSolutionNode = FALSE
	EndGlobalSection
	GlobalSection(ExtensibilityGlobals) = postSolution
		SolutionGuid = {7349489F-D11E-4959-8255-F9F39B4DD282}
	EndGlobalSection
EndGlobal
